Microsoft Visual Studio Solution File, Format Version 12.00
Project("{FAE04EC0-301F-11D3-BF4B-00C04F79EFBC}") = "OCL.Net", "OCL.Net\OCL.Net.csproj", "{51771A6F-C0AF-4550-83D1-3476D1910536}"
EndProject
Global
    GlobalSection(SolutionConfigurationPlatforms) = preSolution
        Debug|Any CPU = Debug|Any CPU
        Release|Any CPU = Release|Any CPU
    EndGlobalSection
    GlobalSection(ProjectConfigurationPlatforms) = postSolution
        {51771A6F-C0AF-4550-83D1-3476D1910536}.Debug|Any CPU.ActiveCfg = Debug|Any CPU
        {51771A6F-C0AF-4550-83D1-3476D1910536}.Debug|Any CPU.Build.0 = Debug|Any CPU
        {51771A6F-C0AF-4550-83D1-3476D1910536}.Release|Any CPU.ActiveCfg = Release|Any CPU
        {51771A6F-C0AF-4550-83D1-3476D1910536}.Release|Any CPU.Build.0 = Release|Any CPU
    EndGlobalSection
EndGlobal
